
Microsoft Visual Studio Solution File, Format Version 12.00
# Visual Studio Version 17
VisualStudioVersion = 17.2.32516.85
MinimumVisualStudioVersion = 10.0.40219.1
Project("{FAE04EC0-301F-11D3-BF4B-00C04F79EFBC}") = "MinimalAPI_JWT_demo", "MinimalAPI_JWT_demo\MinimalAPI_JWT_demo.csproj", "{4DE40754-B0DB-4E28-B755-1054531A50CD}"
EndProject
Global
	GlobalSection(SolutionConfigurationPlatforms) = preSolution
		Debug|Any CPU = Debug|Any CPU
		Release|Any CPU = Release|Any CPU
	EndGlobalSection
	GlobalSection(ProjectConfigurationPlatforms) = postSolution
		{4DE40754-B0DB-4E28-B755-1054531A50CD}.Debug|Any CPU.ActiveCfg = Debug|Any CPU
		{4DE40754-B0DB-4E28-B755-1054531A50CD}.Debug|Any CPU.Build.0 = Debug|Any CPU
		{4DE40754-B0DB-4E28-B755-1054531A50CD}.Release|Any CPU.ActiveCfg = Release|Any CPU
		{4DE40754-B0DB-4E28-B755-1054531A50CD}.Release|Any CPU.Build.0 = Release|Any CPU
	EndGlobalSection
	GlobalSection(SolutionProperties) = preSolution
		HideSolutionNode = FALSE
	EndGlobalSection
	GlobalSection(ExtensibilityGlobals) = postSolution
		SolutionGuid = {DFC0A84C-DBF2-4582-A3B9-E0837E65EC03}
	EndGlobalSection
EndGlobal
